{
    "name": "@jakehamilton/titan",
    "version": "5.11.0",
    "lockfileVersion": 2,
    "requires": true,
    "packages": {
        "": {
            "name": "@jakehamilton/titan",
            "version": "5.11.0",
            "license": "Apache-2.0",
            "dependencies": {
                "@littlethings/log": "^3.0.5",
                "@littlethings/test": "^1.2.1",
                "@starters/core": "^1.7.2",
                "abort-controller": "^3.0.0",
                "arg": "^4.1.3",
                "enquirer": "^2.3.6",
                "giturl": "^1.0.1",
                "kleur": "^4.1.3",
                "mkdirp": "^1.0.4",
                "rimraf": "^3.0.2",
                "semver": "^7.3.2"
            },
            "bin": {
                "titan": "bin/titan.js"
            },
            "devDependencies": {
                "@types/node": "^14.11.1"
            }
        },
        "node_modules/@littlethings/log": {
            "version": "3.0.5",
            "resolved": "https://registry.npmjs.org/@littlethings/log/-/log-3.0.5.tgz",
            "integrity": "sha512-E/1wWHByV/3IeznXqM4EK7ZyNQGBwSggsSZ0bNZKCwV1gv3ySlLodWnNjzFsvyXslJypSdOr9K6c+9z7kF/T6Q==",
            "dependencies": {
                "kleur": "^4.1.3"
            }
        },
        "node_modules/@littlethings/test": {
            "version": "1.2.1",
            "resolved": "https://registry.npmjs.org/@littlethings/test/-/test-1.2.1.tgz",
            "integrity": "sha512-GVVmZB+Z4mlG79sq+gCq8xu/zl6AE4nNfuQRfeki0NLTCKi/eW67PN5e5vxJKbEKK4Mh4KvMh2EUSekkf10PeA==",
            "dependencies": {
                "@littlethings/log": "^1.1.0",
                "chalk": "^4.0.0",
                "glob": "^7.1.6"
            },
            "bin": {
                "test": "src/bin.js"
            }
        },
        "node_modules/@littlethings/test/node_modules/@littlethings/log": {
            "version": "1.4.0",
            "resolved": "https://registry.npmjs.org/@littlethings/log/-/log-1.4.0.tgz",
            "integrity": "sha512-KuGDAaKCi18wT1PESoBMon3nJlnnVREBqLrTxdWbAKb/IXVAbGyB3Ie3Tg9e69xab43SWtn+f2XgBCsE5MbCoA==",
            "dependencies": {
                "chalk": "^4.0.0"
            }
        },
        "node_modules/@littlethings/test/node_modules/ansi-styles": {
            "version": "4.2.1",
            "resolved": "https://registry.npmjs.org/ansi-styles/-/ansi-styles-4.2.1.tgz",
            "integrity": "sha512-9VGjrMsG1vePxcSweQsN20KY/c4zN0h9fLjqAbwbPfahM3t+NL+M9HC8xeXG2I8pX5NoamTGNuomEUFI7fcUjA==",
            "dependencies": {
                "@types/color-name": "^1.1.1",
                "color-convert": "^2.0.1"
            },
            "engines": {
                "node": ">=8"
            }
        },
        "node_modules/@littlethings/test/node_modules/chalk": {
            "version": "4.1.0",
            "resolved": "https://registry.npmjs.org/chalk/-/chalk-4.1.0.tgz",
            "integrity": "sha512-qwx12AxXe2Q5xQ43Ac//I6v5aXTipYrSESdOgzrN+9XjgEpyjpKuvSGaN4qE93f7TQTlerQQ8S+EQ0EyDoVL1A==",
            "dependencies": {
                "ansi-styles": "^4.1.0",
                "supports-color": "^7.1.0"
            },
            "engines": {
                "node": ">=10"
            }
        },
        "node_modules/@littlethings/test/node_modules/color-convert": {
            "version": "2.0.1",
            "resolved": "https://registry.npmjs.org/color-convert/-/color-convert-2.0.1.tgz",
            "integrity": "sha512-RRECPsj7iu/xb5oKYcsFHSppFNnsj/52OVTRKb4zP5onXwVF3zVmmToNcOfGC+CRDpfK/U584fMg38ZHCaElKQ==",
            "dependencies": {
                "color-name": "~1.1.4"
            },
            "engines": {
                "node": ">=7.0.0"
            }
        },
        "node_modules/@littlethings/test/node_modules/color-name": {
            "version": "1.1.4",
            "resolved": "https://registry.npmjs.org/color-name/-/color-name-1.1.4.tgz",
            "integrity": "sha512-dOy+3AuW3a2wNbZHIuMZpTcgjGuLU/uBL/ubcZF9OXbDo8ff4O8yVp5Bf0efS8uEoYo5q4Fx7dY9OgQGXgAsQA=="
        },
        "node_modules/@littlethings/test/node_modules/has-flag": {
            "version": "4.0.0",
            "resolved": "https://registry.npmjs.org/has-flag/-/has-flag-4.0.0.tgz",
            "integrity": "sha512-EykJT/Q1KjTWctppgIAgfSO0tKVuZUjhgMr17kqTumMl6Afv3EISleU7qZUzoXDFTAHTDC4NOoG/ZxU3EvlMPQ==",
            "engines": {
                "node": ">=8"
            }
        },
        "node_modules/@littlethings/test/node_modules/supports-color": {
            "version": "7.2.0",
            "resolved": "https://registry.npmjs.org/supports-color/-/supports-color-7.2.0.tgz",
            "integrity": "sha512-qpCAvRl9stuOHveKsn7HncJRvv501qIacKzQlO/+Lwxc9+0q2wLyv4Dfvt80/DPn2pqOBsJdDiogXGR9+OvwRw==",
            "dependencies": {
                "has-flag": "^4.0.0"
            },
            "engines": {
                "node": ">=8"
            }
        },
        "node_modules/@starters/core": {
            "version": "1.7.2",
            "resolved": "https://registry.npmjs.org/@starters/core/-/core-1.7.2.tgz",
            "integrity": "sha512-IBHooAA4EiGdYUtIq6WvWdSuj3p6xuFg32s6Ef3hr6gnsrbAd/17LChNVwzJhEzeWQP5NewawfCyCinEaAMboA==",
            "dependencies": {
                "@littlethings/log": "^2.3.0",
                "copy-dir": "^1.3.0",
                "enquirer": "^2.3.6",
                "is-url": "latest",
                "kleur": "latest",
                "mkdirp": "^1.0.4",
                "npm-which": "^3.0.1",
                "render-in-place": "^1.0.2",
                "rimraf": "^3.0.2"
            }
        },
        "node_modules/@starters/core/node_modules/@littlethings/log": {
            "version": "2.6.1",
            "resolved": "https://registry.npmjs.org/@littlethings/log/-/log-2.6.1.tgz",
            "integrity": "sha512-fqWPAeVCO5E5ni1Ve1IQ5hELIcz66Hq1ClpcXkm2d0Ia04N9C/gA8UZyPtcqd1pWNvuSHsrj4UQYmQuH2HwxTQ==",
            "dependencies": {
                "kleur": "^4.1.3"
            }
        },
        "node_modules/@types/color-name": {
            "version": "1.1.1",
            "resolved": "https://registry.npmjs.org/@types/color-name/-/color-name-1.1.1.tgz",
            "integrity": "sha512-rr+OQyAjxze7GgWrSaJwydHStIhHq2lvY3BOC2Mj7KnzI7XK0Uw1TOOdI9lDoajEbSWLiYgoo4f1R51erQfhPQ=="
        },
        "node_modules/@types/node": {
            "version": "14.11.1",
            "resolved": "https://registry.npmjs.org/@types/node/-/node-14.11.1.tgz",
            "integrity": "sha512-oTQgnd0hblfLsJ6BvJzzSL+Inogp3lq9fGgqRkMB/ziKMgEUaFl801OncOzUmalfzt14N0oPHMK47ipl+wbTIw==",
            "dev": true
        },
        "node_modules/abort-controller": {
            "version": "3.0.0",
            "resolved": "https://registry.npmjs.org/abort-controller/-/abort-controller-3.0.0.tgz",
            "integrity": "sha512-h8lQ8tacZYnR3vNQTgibj+tODHI5/+l06Au2Pcriv/Gmet0eaj4TwWH41sO9wnHDiQsEj19q0drzdWdeAHtweg==",
            "dependencies": {
                "event-target-shim": "^5.0.0"
            },
            "engines": {
                "node": ">=6.5"
            }
        },
        "node_modules/ansi-colors": {
            "version": "4.1.1",
            "resolved": "https://registry.npmjs.org/ansi-colors/-/ansi-colors-4.1.1.tgz",
            "integrity": "sha512-JoX0apGbHaUJBNl6yF+p6JAFYZ666/hhCGKN5t9QFjbJQKUU/g8MNbFDbvfrgKXvI1QpZplPOnwIo99lX/AAmA==",
            "engines": {
                "node": ">=6"
            }
        },
        "node_modules/arg": {
            "version": "4.1.3",
            "resolved": "https://registry.npmjs.org/arg/-/arg-4.1.3.tgz",
            "integrity": "sha512-58S9QDqG0Xx27YwPSt9fJxivjYl432YCwfDMfZ+71RAqUrZef7LrKQZ3LHLOwCS4FLNBplP533Zx895SeOCHvA=="
        },
        "node_modules/balanced-match": {
            "version": "1.0.0",
            "resolved": "https://registry.npmjs.org/balanced-match/-/balanced-match-1.0.0.tgz",
            "integrity": "sha1-ibTRmasr7kneFk6gK4nORi1xt2c="
        },
        "node_modules/brace-expansion": {
            "version": "1.1.11",
            "resolved": "https://registry.npmjs.org/brace-expansion/-/brace-expansion-1.1.11.tgz",
            "integrity": "sha512-iCuPHDFgrHX7H2vEI/5xpz07zSHB00TpugqhmYtVmMO6518mCuRMoOYFldEBl0g187ufozdaHgWKcYFb61qGiA==",
            "dependencies": {
                "balanced-match": "^1.0.0",
                "concat-map": "0.0.1"
            }
        },
        "node_modules/commander": {
            "version": "2.20.3",
            "resolved": "https://registry.npmjs.org/commander/-/commander-2.20.3.tgz",
            "integrity": "sha512-GpVkmM8vF2vQUkj2LvZmD35JxeJOLCwJ9cUkugyk2nuhbv3+mJvpLYYt+0+USMxE+oj+ey/lJEnhZw75x/OMcQ=="
        },
        "node_modules/concat-map": {
            "version": "0.0.1",
            "resolved": "https://registry.npmjs.org/concat-map/-/concat-map-0.0.1.tgz",
            "integrity": "sha1-2Klr13/Wjfd5OnMDajug1UBdR3s="
        },
        "node_modules/copy-dir": {
            "version": "1.3.0",
            "resolved": "https://registry.npmjs.org/copy-dir/-/copy-dir-1.3.0.tgz",
            "integrity": "sha512-Q4+qBFnN4bwGwvtXXzbp4P/4iNk0MaiGAzvQ8OiMtlLjkIKjmNN689uVzShSM0908q7GoFHXIPx4zi75ocoaHw=="
        },
        "node_modules/ejs": {
            "version": "2.7.4",
            "resolved": "https://registry.npmjs.org/ejs/-/ejs-2.7.4.tgz",
            "integrity": "sha512-7vmuyh5+kuUyJKePhQfRQBhXV5Ce+RnaeeQArKu1EAMpL3WbgMt5WG6uQZpEVvYSSsxMXRKOewtDk9RaTKXRlA==",
            "engines": {
                "node": ">=0.10.0"
            }
        },
        "node_modules/enquirer": {
            "version": "2.3.6",
            "resolved": "https://registry.npmjs.org/enquirer/-/enquirer-2.3.6.tgz",
            "integrity": "sha512-yjNnPr315/FjS4zIsUxYguYUPP2e1NK4d7E7ZOLiyYCcbFBiTMyID+2wvm2w6+pZ/odMA7cRkjhsPbltwBOrLg==",
            "dependencies": {
                "ansi-colors": "^4.1.1"
            },
            "engines": {
                "node": ">=8.6"
            }
        },
        "node_modules/event-target-shim": {
            "version": "5.0.1",
            "resolved": "https://registry.npmjs.org/event-target-shim/-/event-target-shim-5.0.1.tgz",
            "integrity": "sha512-i/2XbnSz/uxRCU6+NdVJgKWDTM427+MqYbkQzD321DuCQJUqOuJKIA0IM2+W2xtYHdKOmZ4dR6fExsd4SXL+WQ==",
            "engines": {
                "node": ">=6"
            }
        },
        "node_modules/fs.realpath": {
            "version": "1.0.0",
            "resolved": "https://registry.npmjs.org/fs.realpath/-/fs.realpath-1.0.0.tgz",
            "integrity": "sha1-FQStJSMVjKpA20onh8sBQRmU6k8="
        },
        "node_modules/giturl": {
            "version": "1.0.1",
            "resolved": "https://registry.npmjs.org/giturl/-/giturl-1.0.1.tgz",
            "integrity": "sha512-wQourBdI13n8tbjcZTDl6k+ZrCRMU6p9vfp9jknZq+zfWc8xXNztpZFM4XkPHVzHcMSUZxEMYYKZjIGkPlei6Q==",
            "engines": {
                "node": ">= 0.10.0"
            }
        },
        "node_modules/glob": {
            "version": "7.1.6",
            "resolved": "https://registry.npmjs.org/glob/-/glob-7.1.6.tgz",
            "integrity": "sha512-LwaxwyZ72Lk7vZINtNNrywX0ZuLyStrdDtabefZKAY5ZGJhVtgdznluResxNmPitE0SAO+O26sWTHeKSI2wMBA==",
            "dependencies": {
                "fs.realpath": "^1.0.0",
                "inflight": "^1.0.4",
                "inherits": "2",
                "minimatch": "^3.0.4",
                "once": "^1.3.0",
                "path-is-absolute": "^1.0.0"
            },
            "engines": {
                "node": "*"
            }
        },
        "node_modules/inflight": {
            "version": "1.0.6",
            "resolved": "https://registry.npmjs.org/inflight/-/inflight-1.0.6.tgz",
            "integrity": "sha1-Sb1jMdfQLQwJvJEKEHW6gWW1bfk=",
            "dependencies": {
                "once": "^1.3.0",
                "wrappy": "1"
            }
        },
        "node_modules/inherits": {
            "version": "2.0.4",
            "resolved": "https://registry.npmjs.org/inherits/-/inherits-2.0.4.tgz",
            "integrity": "sha512-k/vGaX4/Yla3WzyMCvTQOXYeIHvqOKtnqBduzTHpzpQZzAskKMhZ2K+EnBiSM9zGSoIFeMpXKxa4dYeZIQqewQ=="
        },
        "node_modules/is-url": {
            "version": "1.2.4",
            "resolved": "https://registry.npmjs.org/is-url/-/is-url-1.2.4.tgz",
            "integrity": "sha512-ITvGim8FhRiYe4IQ5uHSkj7pVaPDrCTkNd3yq3cV7iZAcJdHTUMPMEHcqSOy9xZ9qFenQCvi+2wjH9a1nXqHww=="
        },
        "node_modules/isexe": {
            "version": "2.0.0",
            "resolved": "https://registry.npmjs.org/isexe/-/isexe-2.0.0.tgz",
            "integrity": "sha1-6PvzdNxVb/iUehDcsFctYz8s+hA="
        },
        "node_modules/kleur": {
            "version": "4.1.3",
            "resolved": "https://registry.npmjs.org/kleur/-/kleur-4.1.3.tgz",
            "integrity": "sha512-H1tr8QP2PxFTNwAFM74Mui2b6ovcY9FoxJefgrwxY+OCJcq01k5nvhf4M/KnizzrJvLRap5STUy7dgDV35iUBw==",
            "engines": {
                "node": ">=6"
            }
        },
        "node_modules/minimatch": {
            "version": "3.0.4",
            "resolved": "https://registry.npmjs.org/minimatch/-/minimatch-3.0.4.tgz",
            "integrity": "sha512-yJHVQEhyqPLUTgt9B83PXu6W3rx4MvvHvSUvToogpwoGDOUQ+yDrR0HRot+yOCdCO7u4hX3pWft6kWBBcqh0UA==",
            "dependencies": {
                "brace-expansion": "^1.1.7"
            },
            "engines": {
                "node": "*"
            }
        },
        "node_modules/mkdirp": {
            "version": "1.0.4",
            "resolved": "https://registry.npmjs.org/mkdirp/-/mkdirp-1.0.4.tgz",
            "integrity": "sha512-vVqVZQyf3WLx2Shd0qJ9xuvqgAyKPLAiqITEtqW0oIUjzo3PePDd6fW9iFz30ef7Ysp/oiWqbhszeGWW2T6Gzw==",
            "bin": {
                "mkdirp": "bin/cmd.js"
            },
            "engines": {
                "node": ">=10"
            }
        },
        "node_modules/npm-path": {
            "version": "2.0.4",
            "resolved": "https://registry.npmjs.org/npm-path/-/npm-path-2.0.4.tgz",
            "integrity": "sha512-IFsj0R9C7ZdR5cP+ET342q77uSRdtWOlWpih5eC+lu29tIDbNEgDbzgVJ5UFvYHWhxDZ5TFkJafFioO0pPQjCw==",
            "dependencies": {
                "which": "^1.2.10"
            },
            "bin": {
                "npm-path": "bin/npm-path"
            },
            "engines": {
                "node": ">=0.8"
            }
        },
        "node_modules/npm-which": {
            "version": "3.0.1",
            "resolved": "https://registry.npmjs.org/npm-which/-/npm-which-3.0.1.tgz",
            "integrity": "sha1-kiXybsOihcIJyuZ8OxGmtKtxQKo=",
            "dependencies": {
                "commander": "^2.9.0",
                "npm-path": "^2.0.2",
                "which": "^1.2.10"
            },
            "bin": {
                "npm-which": "bin/npm-which.js"
            },
            "engines": {
                "node": ">=4.2.0"
            }
        },
        "node_modules/once": {
            "version": "1.4.0",
            "resolved": "https://registry.npmjs.org/once/-/once-1.4.0.tgz",
            "integrity": "sha1-WDsap3WWHUsROsF9nFC6753Xa9E=",
            "dependencies": {
                "wrappy": "1"
            }
        },
        "node_modules/path-is-absolute": {
            "version": "1.0.1",
            "resolved": "https://registry.npmjs.org/path-is-absolute/-/path-is-absolute-1.0.1.tgz",
            "integrity": "sha1-F0uSaHNVNP+8es5r9TpanhtcX18=",
            "engines": {
                "node": ">=0.10.0"
            }
        },
        "node_modules/render-in-place": {
            "version": "1.0.2",
            "resolved": "https://registry.npmjs.org/render-in-place/-/render-in-place-1.0.2.tgz",
            "integrity": "sha512-TS8Cfud/L1Td2ksEgQAIcRXgzyCb7cD4U1cb1kPQDelECPGrfjqp5IaN/R+WdCVJ9XxKEv95PWW6r9Uak+iR9g==",
            "dependencies": {
                "@types/node": "^10.3.3",
                "ejs": "^2.6.1"
            },
            "engines": {
                "node": ">=6.0.0",
                "yarn": ">=1.3.0"
            }
        },
        "node_modules/render-in-place/node_modules/@types/node": {
            "version": "10.17.50",
            "resolved": "https://registry.npmjs.org/@types/node/-/node-10.17.50.tgz",
            "integrity": "sha512-vwX+/ija9xKc/z9VqMCdbf4WYcMTGsI0I/L/6shIF3qXURxZOhPQlPRHtjTpiNhAwn0paMJzlOQqw6mAGEQnTA=="
        },
        "node_modules/rimraf": {
            "version": "3.0.2",
            "resolved": "https://registry.npmjs.org/rimraf/-/rimraf-3.0.2.tgz",
            "integrity": "sha512-JZkJMZkAGFFPP2YqXZXPbMlMBgsxzE8ILs4lMIX/2o0L9UBw9O/Y3o6wFw/i9YLapcUJWwqbi3kdxIPdC62TIA==",
            "dependencies": {
                "glob": "^7.1.3"
            },
            "bin": {
                "rimraf": "bin.js"
            }
        },
        "node_modules/semver": {
            "version": "7.3.2",
            "resolved": "https://registry.npmjs.org/semver/-/semver-7.3.2.tgz",
            "integrity": "sha512-OrOb32TeeambH6UrhtShmF7CRDqhL6/5XpPNp2DuRH6+9QLw/orhp72j87v8Qa1ScDkvrrBNpZcDejAirJmfXQ==",
            "bin": {
                "semver": "bin/semver.js"
            },
            "engines": {
                "node": ">=10"
            }
        },
        "node_modules/which": {
            "version": "1.3.1",
            "resolved": "https://registry.npmjs.org/which/-/which-1.3.1.tgz",
            "integrity": "sha512-HxJdYWq1MTIQbJ3nw0cqssHoTNU267KlrDuGZ1WYlxDStUtKUhOaJmh112/TZmHxxUfuJqPXSOm7tDyas0OSIQ==",
            "dependencies": {
                "isexe": "^2.0.0"
            },
            "bin": {
                "which": "bin/which"
            }
        },
        "node_modules/wrappy": {
            "version": "1.0.2",
            "resolved": "https://registry.npmjs.org/wrappy/-/wrappy-1.0.2.tgz",
            "integrity": "sha1-tSQ9jz7BqjXxNkYFvA0QNuMKtp8="
        }
    },
    "dependencies": {
        "@littlethings/log": {
            "version": "3.0.5",
            "resolved": "https://registry.npmjs.org/@littlethings/log/-/log-3.0.5.tgz",
            "integrity": "sha512-E/1wWHByV/3IeznXqM4EK7ZyNQGBwSggsSZ0bNZKCwV1gv3ySlLodWnNjzFsvyXslJypSdOr9K6c+9z7kF/T6Q==",
            "requires": {
                "kleur": "^4.1.3"
            }
        },
        "@littlethings/test": {
            "version": "1.2.1",
            "resolved": "https://registry.npmjs.org/@littlethings/test/-/test-1.2.1.tgz",
            "integrity": "sha512-GVVmZB+Z4mlG79sq+gCq8xu/zl6AE4nNfuQRfeki0NLTCKi/eW67PN5e5vxJKbEKK4Mh4KvMh2EUSekkf10PeA==",
            "requires": {
                "@littlethings/log": "^1.1.0",
                "chalk": "^4.0.0",
                "glob": "^7.1.6"
            },
            "dependencies": {
                "@littlethings/log": {
                    "version": "1.4.0",
                    "resolved": "https://registry.npmjs.org/@littlethings/log/-/log-1.4.0.tgz",
                    "integrity": "sha512-KuGDAaKCi18wT1PESoBMon3nJlnnVREBqLrTxdWbAKb/IXVAbGyB3Ie3Tg9e69xab43SWtn+f2XgBCsE5MbCoA==",
                    "requires": {
                        "chalk": "^4.0.0"
                    }
                },
                "ansi-styles": {
                    "version": "4.2.1",
                    "resolved": "https://registry.npmjs.org/ansi-styles/-/ansi-styles-4.2.1.tgz",
                    "integrity": "sha512-9VGjrMsG1vePxcSweQsN20KY/c4zN0h9fLjqAbwbPfahM3t+NL+M9HC8xeXG2I8pX5NoamTGNuomEUFI7fcUjA==",
                    "requires": {
                        "@types/color-name": "^1.1.1",
                        "color-convert": "^2.0.1"
                    }
                },
                "chalk": {
                    "version": "4.1.0",
                    "resolved": "https://registry.npmjs.org/chalk/-/chalk-4.1.0.tgz",
                    "integrity": "sha512-qwx12AxXe2Q5xQ43Ac//I6v5aXTipYrSESdOgzrN+9XjgEpyjpKuvSGaN4qE93f7TQTlerQQ8S+EQ0EyDoVL1A==",
                    "requires": {
                        "ansi-styles": "^4.1.0",
                        "supports-color": "^7.1.0"
                    }
                },
                "color-convert": {
                    "version": "2.0.1",
                    "resolved": "https://registry.npmjs.org/color-convert/-/color-convert-2.0.1.tgz",
                    "integrity": "sha512-RRECPsj7iu/xb5oKYcsFHSppFNnsj/52OVTRKb4zP5onXwVF3zVmmToNcOfGC+CRDpfK/U584fMg38ZHCaElKQ==",
                    "requires": {
                        "color-name": "~1.1.4"
                    }
                },
                "color-name": {
                    "version": "1.1.4",
                    "resolved": "https://registry.npmjs.org/color-name/-/color-name-1.1.4.tgz",
                    "integrity": "sha512-dOy+3AuW3a2wNbZHIuMZpTcgjGuLU/uBL/ubcZF9OXbDo8ff4O8yVp5Bf0efS8uEoYo5q4Fx7dY9OgQGXgAsQA=="
                },
                "has-flag": {
                    "version": "4.0.0",
                    "resolved": "https://registry.npmjs.org/has-flag/-/has-flag-4.0.0.tgz",
                    "integrity": "sha512-EykJT/Q1KjTWctppgIAgfSO0tKVuZUjhgMr17kqTumMl6Afv3EISleU7qZUzoXDFTAHTDC4NOoG/ZxU3EvlMPQ=="
                },
                "supports-color": {
                    "version": "7.2.0",
                    "resolved": "https://registry.npmjs.org/supports-color/-/supports-color-7.2.0.tgz",
                    "integrity": "sha512-qpCAvRl9stuOHveKsn7HncJRvv501qIacKzQlO/+Lwxc9+0q2wLyv4Dfvt80/DPn2pqOBsJdDiogXGR9+OvwRw==",
                    "requires": {
                        "has-flag": "^4.0.0"
                    }
                }
            }
        },
        "@starters/core": {
            "version": "1.7.2",
            "resolved": "https://registry.npmjs.org/@starters/core/-/core-1.7.2.tgz",
            "integrity": "sha512-IBHooAA4EiGdYUtIq6WvWdSuj3p6xuFg32s6Ef3hr6gnsrbAd/17LChNVwzJhEzeWQP5NewawfCyCinEaAMboA==",
            "requires": {
                "@littlethings/log": "^2.3.0",
                "copy-dir": "^1.3.0",
                "enquirer": "^2.3.6",
                "is-url": "latest",
                "kleur": "latest",
                "mkdirp": "^1.0.4",
                "npm-which": "^3.0.1",
                "render-in-place": "^1.0.2",
                "rimraf": "^3.0.2"
            },
            "dependencies": {
                "@littlethings/log": {
                    "version": "2.6.1",
                    "resolved": "https://registry.npmjs.org/@littlethings/log/-/log-2.6.1.tgz",
                    "integrity": "sha512-fqWPAeVCO5E5ni1Ve1IQ5hELIcz66Hq1ClpcXkm2d0Ia04N9C/gA8UZyPtcqd1pWNvuSHsrj4UQYmQuH2HwxTQ==",
                    "requires": {
                        "kleur": "^4.1.3"
                    }
                }
            }
        },
        "@types/color-name": {
            "version": "1.1.1",
            "resolved": "https://registry.npmjs.org/@types/color-name/-/color-name-1.1.1.tgz",
            "integrity": "sha512-rr+OQyAjxze7GgWrSaJwydHStIhHq2lvY3BOC2Mj7KnzI7XK0Uw1TOOdI9lDoajEbSWLiYgoo4f1R51erQfhPQ=="
        },
        "@types/node": {
            "version": "14.11.1",
            "resolved": "https://registry.npmjs.org/@types/node/-/node-14.11.1.tgz",
            "integrity": "sha512-oTQgnd0hblfLsJ6BvJzzSL+Inogp3lq9fGgqRkMB/ziKMgEUaFl801OncOzUmalfzt14N0oPHMK47ipl+wbTIw==",
            "dev": true
        },
        "abort-controller": {
            "version": "3.0.0",
            "resolved": "https://registry.npmjs.org/abort-controller/-/abort-controller-3.0.0.tgz",
            "integrity": "sha512-h8lQ8tacZYnR3vNQTgibj+tODHI5/+l06Au2Pcriv/Gmet0eaj4TwWH41sO9wnHDiQsEj19q0drzdWdeAHtweg==",
            "requires": {
                "event-target-shim": "^5.0.0"
            }
        },
        "ansi-colors": {
            "version": "4.1.1",
            "resolved": "https://registry.npmjs.org/ansi-colors/-/ansi-colors-4.1.1.tgz",
            "integrity": "sha512-JoX0apGbHaUJBNl6yF+p6JAFYZ666/hhCGKN5t9QFjbJQKUU/g8MNbFDbvfrgKXvI1QpZplPOnwIo99lX/AAmA=="
        },
        "arg": {
            "version": "4.1.3",
            "resolved": "https://registry.npmjs.org/arg/-/arg-4.1.3.tgz",
            "integrity": "sha512-58S9QDqG0Xx27YwPSt9fJxivjYl432YCwfDMfZ+71RAqUrZef7LrKQZ3LHLOwCS4FLNBplP533Zx895SeOCHvA=="
        },
        "balanced-match": {
            "version": "1.0.0",
            "resolved": "https://registry.npmjs.org/balanced-match/-/balanced-match-1.0.0.tgz",
            "integrity": "sha1-ibTRmasr7kneFk6gK4nORi1xt2c="
        },
        "brace-expansion": {
            "version": "1.1.11",
            "resolved": "https://registry.npmjs.org/brace-expansion/-/brace-expansion-1.1.11.tgz",
            "integrity": "sha512-iCuPHDFgrHX7H2vEI/5xpz07zSHB00TpugqhmYtVmMO6518mCuRMoOYFldEBl0g187ufozdaHgWKcYFb61qGiA==",
            "requires": {
                "balanced-match": "^1.0.0",
                "concat-map": "0.0.1"
            }
        },
        "commander": {
            "version": "2.20.3",
            "resolved": "https://registry.npmjs.org/commander/-/commander-2.20.3.tgz",
            "integrity": "sha512-GpVkmM8vF2vQUkj2LvZmD35JxeJOLCwJ9cUkugyk2nuhbv3+mJvpLYYt+0+USMxE+oj+ey/lJEnhZw75x/OMcQ=="
        },
        "concat-map": {
            "version": "0.0.1",
            "resolved": "https://registry.npmjs.org/concat-map/-/concat-map-0.0.1.tgz",
            "integrity": "sha1-2Klr13/Wjfd5OnMDajug1UBdR3s="
        },
        "copy-dir": {
            "version": "1.3.0",
            "resolved": "https://registry.npmjs.org/copy-dir/-/copy-dir-1.3.0.tgz",
            "integrity": "sha512-Q4+qBFnN4bwGwvtXXzbp4P/4iNk0MaiGAzvQ8OiMtlLjkIKjmNN689uVzShSM0908q7GoFHXIPx4zi75ocoaHw=="
        },
        "ejs": {
            "version": "2.7.4",
            "resolved": "https://registry.npmjs.org/ejs/-/ejs-2.7.4.tgz",
            "integrity": "sha512-7vmuyh5+kuUyJKePhQfRQBhXV5Ce+RnaeeQArKu1EAMpL3WbgMt5WG6uQZpEVvYSSsxMXRKOewtDk9RaTKXRlA=="
        },
        "enquirer": {
            "version": "2.3.6",
            "resolved": "https://registry.npmjs.org/enquirer/-/enquirer-2.3.6.tgz",
            "integrity": "sha512-yjNnPr315/FjS4zIsUxYguYUPP2e1NK4d7E7ZOLiyYCcbFBiTMyID+2wvm2w6+pZ/odMA7cRkjhsPbltwBOrLg==",
            "requires": {
                "ansi-colors": "^4.1.1"
            }
        },
        "event-target-shim": {
            "version": "5.0.1",
            "resolved": "https://registry.npmjs.org/event-target-shim/-/event-target-shim-5.0.1.tgz",
            "integrity": "sha512-i/2XbnSz/uxRCU6+NdVJgKWDTM427+MqYbkQzD321DuCQJUqOuJKIA0IM2+W2xtYHdKOmZ4dR6fExsd4SXL+WQ=="
        },
        "fs.realpath": {
            "version": "1.0.0",
            "resolved": "https://registry.npmjs.org/fs.realpath/-/fs.realpath-1.0.0.tgz",
            "integrity": "sha1-FQStJSMVjKpA20onh8sBQRmU6k8="
        },
        "giturl": {
            "version": "1.0.1",
            "resolved": "https://registry.npmjs.org/giturl/-/giturl-1.0.1.tgz",
            "integrity": "sha512-wQourBdI13n8tbjcZTDl6k+ZrCRMU6p9vfp9jknZq+zfWc8xXNztpZFM4XkPHVzHcMSUZxEMYYKZjIGkPlei6Q=="
        },
        "glob": {
            "version": "7.1.6",
            "resolved": "https://registry.npmjs.org/glob/-/glob-7.1.6.tgz",
            "integrity": "sha512-LwaxwyZ72Lk7vZINtNNrywX0ZuLyStrdDtabefZKAY5ZGJhVtgdznluResxNmPitE0SAO+O26sWTHeKSI2wMBA==",
            "requires": {
                "fs.realpath": "^1.0.0",
                "inflight": "^1.0.4",
                "inherits": "2",
                "minimatch": "^3.0.4",
                "once": "^1.3.0",
                "path-is-absolute": "^1.0.0"
            }
        },
        "inflight": {
            "version": "1.0.6",
            "resolved": "https://registry.npmjs.org/inflight/-/inflight-1.0.6.tgz",
            "integrity": "sha1-Sb1jMdfQLQwJvJEKEHW6gWW1bfk=",
            "requires": {
                "once": "^1.3.0",
                "wrappy": "1"
            }
        },
        "inherits": {
            "version": "2.0.4",
            "resolved": "https://registry.npmjs.org/inherits/-/inherits-2.0.4.tgz",
            "integrity": "sha512-k/vGaX4/Yla3WzyMCvTQOXYeIHvqOKtnqBduzTHpzpQZzAskKMhZ2K+EnBiSM9zGSoIFeMpXKxa4dYeZIQqewQ=="
        },
        "is-url": {
            "version": "1.2.4",
            "resolved": "https://registry.npmjs.org/is-url/-/is-url-1.2.4.tgz",
            "integrity": "sha512-ITvGim8FhRiYe4IQ5uHSkj7pVaPDrCTkNd3yq3cV7iZAcJdHTUMPMEHcqSOy9xZ9qFenQCvi+2wjH9a1nXqHww=="
        },
        "isexe": {
            "version": "2.0.0",
            "resolved": "https://registry.npmjs.org/isexe/-/isexe-2.0.0.tgz",
            "integrity": "sha1-6PvzdNxVb/iUehDcsFctYz8s+hA="
        },
        "kleur": {
            "version": "4.1.3",
            "resolved": "https://registry.npmjs.org/kleur/-/kleur-4.1.3.tgz",
            "integrity": "sha512-H1tr8QP2PxFTNwAFM74Mui2b6ovcY9FoxJefgrwxY+OCJcq01k5nvhf4M/KnizzrJvLRap5STUy7dgDV35iUBw=="
        },
        "minimatch": {
            "version": "3.0.4",
            "resolved": "https://registry.npmjs.org/minimatch/-/minimatch-3.0.4.tgz",
            "integrity": "sha512-yJHVQEhyqPLUTgt9B83PXu6W3rx4MvvHvSUvToogpwoGDOUQ+yDrR0HRot+yOCdCO7u4hX3pWft6kWBBcqh0UA==",
            "requires": {
                "brace-expansion": "^1.1.7"
            }
        },
        "mkdirp": {
            "version": "1.0.4",
            "resolved": "https://registry.npmjs.org/mkdirp/-/mkdirp-1.0.4.tgz",
            "integrity": "sha512-vVqVZQyf3WLx2Shd0qJ9xuvqgAyKPLAiqITEtqW0oIUjzo3PePDd6fW9iFz30ef7Ysp/oiWqbhszeGWW2T6Gzw=="
        },
        "npm-path": {
            "version": "2.0.4",
            "resolved": "https://registry.npmjs.org/npm-path/-/npm-path-2.0.4.tgz",
            "integrity": "sha512-IFsj0R9C7ZdR5cP+ET342q77uSRdtWOlWpih5eC+lu29tIDbNEgDbzgVJ5UFvYHWhxDZ5TFkJafFioO0pPQjCw==",
            "requires": {
                "which": "^1.2.10"
            }
        },
        "npm-which": {
            "version": "3.0.1",
            "resolved": "https://registry.npmjs.org/npm-which/-/npm-which-3.0.1.tgz",
            "integrity": "sha1-kiXybsOihcIJyuZ8OxGmtKtxQKo=",
            "requires": {
                "commander": "^2.9.0",
                "npm-path": "^2.0.2",
                "which": "^1.2.10"
            }
        },
        "once": {
            "version": "1.4.0",
            "resolved": "https://registry.npmjs.org/once/-/once-1.4.0.tgz",
            "integrity": "sha1-WDsap3WWHUsROsF9nFC6753Xa9E=",
            "requires": {
                "wrappy": "1"
            }
        },
        "path-is-absolute": {
            "version": "1.0.1",
            "resolved": "https://registry.npmjs.org/path-is-absolute/-/path-is-absolute-1.0.1.tgz",
            "integrity": "sha1-F0uSaHNVNP+8es5r9TpanhtcX18="
        },
        "render-in-place": {
            "version": "1.0.2",
            "resolved": "https://registry.npmjs.org/render-in-place/-/render-in-place-1.0.2.tgz",
            "integrity": "sha512-TS8Cfud/L1Td2ksEgQAIcRXgzyCb7cD4U1cb1kPQDelECPGrfjqp5IaN/R+WdCVJ9XxKEv95PWW6r9Uak+iR9g==",
            "requires": {
                "@types/node": "^10.3.3",
                "ejs": "^2.6.1"
            },
            "dependencies": {
                "@types/node": {
                    "version": "10.17.50",
                    "resolved": "https://registry.npmjs.org/@types/node/-/node-10.17.50.tgz",
                    "integrity": "sha512-vwX+/ija9xKc/z9VqMCdbf4WYcMTGsI0I/L/6shIF3qXURxZOhPQlPRHtjTpiNhAwn0paMJzlOQqw6mAGEQnTA=="
                }
            }
        },
        "rimraf": {
            "version": "3.0.2",
            "resolved": "https://registry.npmjs.org/rimraf/-/rimraf-3.0.2.tgz",
            "integrity": "sha512-JZkJMZkAGFFPP2YqXZXPbMlMBgsxzE8ILs4lMIX/2o0L9UBw9O/Y3o6wFw/i9YLapcUJWwqbi3kdxIPdC62TIA==",
            "requires": {
                "glob": "^7.1.3"
            }
        },
        "semver": {
            "version": "7.3.2",
            "resolved": "https://registry.npmjs.org/semver/-/semver-7.3.2.tgz",
            "integrity": "sha512-OrOb32TeeambH6UrhtShmF7CRDqhL6/5XpPNp2DuRH6+9QLw/orhp72j87v8Qa1ScDkvrrBNpZcDejAirJmfXQ=="
        },
        "which": {
            "version": "1.3.1",
            "resolved": "https://registry.npmjs.org/which/-/which-1.3.1.tgz",
            "integrity": "sha512-HxJdYWq1MTIQbJ3nw0cqssHoTNU267KlrDuGZ1WYlxDStUtKUhOaJmh112/TZmHxxUfuJqPXSOm7tDyas0OSIQ==",
            "requires": {
                "isexe": "^2.0.0"
            }
        },
        "wrappy": {
            "version": "1.0.2",
            "resolved": "https://registry.npmjs.org/wrappy/-/wrappy-1.0.2.tgz",
            "integrity": "sha1-tSQ9jz7BqjXxNkYFvA0QNuMKtp8="
        }
    }
}
